
Microsoft Visual Studio Solution File, Format Version 12.00
# Visual Studio Version 17
VisualStudioVersion = 17.3.32922.545
MinimumVisualStudioVersion = 10.0.40219.1
Project("{FAE04EC0-301F-11D3-BF4B-00C04F79EFBC}") = "Poleev_linq", "Poleev_linq.csproj", "{05E6FF60-A99B-405B-94D2-BF2322DEA586}"
EndProject
Global
	GlobalSection(SolutionConfigurationPlatforms) = preSolution
		Debug|Any CPU = Debug|Any CPU
		Release|Any CPU = Release|Any CPU
	EndGlobalSection
	GlobalSection(ProjectConfigurationPlatforms) = postSolution
		{05E6FF60-A99B-405B-94D2-BF2322DEA586}.Debug|Any CPU.ActiveCfg = Debug|Any CPU
		{05E6FF60-A99B-405B-94D2-BF2322DEA586}.Debug|Any CPU.Build.0 = Debug|Any CPU
		{05E6FF60-A99B-405B-94D2-BF2322DEA586}.Release|Any CPU.ActiveCfg = Release|Any CPU
		{05E6FF60-A99B-405B-94D2-BF2322DEA586}.Release|Any CPU.Build.0 = Release|Any CPU
	EndGlobalSection
	GlobalSection(SolutionProperties) = preSolution
		HideSolutionNode = FALSE
	EndGlobalSection
	GlobalSection(ExtensibilityGlobals) = postSolution
		SolutionGuid = {C9B6AFFC-FACE-4077-8C2E-F275F0EEB358}
	EndGlobalSection
EndGlobal
